
Microsoft Visual Studio Solution File, Format Version 12.00
# Visual Studio Version 17
VisualStudioVersion = 17.0.31612.314
MinimumVisualStudioVersion = 10.0.40219.1
Project("{9A19103F-16F7-4668-BE54-9A1E7A4F7556}") = "Intent.SQLSchemaExtractor", "Intent.SQLSchemaExtractor\Intent.SQLSchemaExtractor.csproj", "{907AEB73-64E0-4083-8DE0-32E95209B579}"
EndProject
Project("{2150E333-8FDC-42A3-9474-1A3956D46DE8}") = "0 - Program", "0 - Program", "{2A2F2EC5-9412-412C-B1A0-CA1FF87C4FA0}"
EndProject
Global
	GlobalSection(SolutionConfigurationPlatforms) = preSolution
		Debug|Any CPU = Debug|Any CPU
		Release|Any CPU = Release|Any CPU
	EndGlobalSection
	GlobalSection(ProjectConfigurationPlatforms) = postSolution
		{907AEB73-64E0-4083-8DE0-32E95209B579}.Debug|Any CPU.ActiveCfg = Debug|Any CPU
		{907AEB73-64E0-4083-8DE0-32E95209B579}.Debug|Any CPU.Build.0 = Debug|Any CPU
		{907AEB73-64E0-4083-8DE0-32E95209B579}.Release|Any CPU.ActiveCfg = Release|Any CPU
		{907AEB73-64E0-4083-8DE0-32E95209B579}.Release|Any CPU.Build.0 = Release|Any CPU
	EndGlobalSection
	GlobalSection(SolutionProperties) = preSolution
		HideSolutionNode = FALSE
	EndGlobalSection
	GlobalSection(NestedProjects) = preSolution
		{907AEB73-64E0-4083-8DE0-32E95209B579} = {2A2F2EC5-9412-412C-B1A0-CA1FF87C4FA0}
	EndGlobalSection
	GlobalSection(ExtensibilityGlobals) = postSolution
		SolutionGuid = {5076FC9A-FD16-4A1C-ACE8-1AC822EF6AD9}
	EndGlobalSection
EndGlobal
